
Microsoft Visual Studio Solution File, Format Version 12.00
# Visual Studio 15
VisualStudioVersion = 15.0.27004.2008
MinimumVisualStudioVersion = 10.0.40219.1
Project("{FAE04EC0-301F-11D3-BF4B-00C04F79EFBC}") = "ConsoleApp3", "ConsoleApp3\ConsoleApp3.csproj", "{942143E3-7BA2-4A3D-866F-B44DB514880B}"
EndProject
Project("{FAE04EC0-301F-11D3-BF4B-00C04F79EFBC}") = "Source", "Source\Source.csproj", "{5E0D3233-EB96-4F05-A3E8-B9E066AD58A7}"
EndProject
Global
	GlobalSection(SolutionConfigurationPlatforms) = preSolution
		Debug|Any CPU = Debug|Any CPU
		Release|Any CPU = Release|Any CPU
	EndGlobalSection
	GlobalSection(ProjectConfigurationPlatforms) = postSolution
		{942143E3-7BA2-4A3D-866F-B44DB514880B}.Debug|Any CPU.ActiveCfg = Debug|Any CPU
		{942143E3-7BA2-4A3D-866F-B44DB514880B}.Debug|Any CPU.Build.0 = Debug|Any CPU
		{942143E3-7BA2-4A3D-866F-B44DB514880B}.Release|Any CPU.ActiveCfg = Release|Any CPU
		{942143E3-7BA2-4A3D-866F-B44DB514880B}.Release|Any CPU.Build.0 = Release|Any CPU
		{5E0D3233-EB96-4F05-A3E8-B9E066AD58A7}.Debug|Any CPU.ActiveCfg = Debug|Any CPU
		{5E0D3233-EB96-4F05-A3E8-B9E066AD58A7}.Debug|Any CPU.Build.0 = Debug|Any CPU
		{5E0D3233-EB96-4F05-A3E8-B9E066AD58A7}.Release|Any CPU.ActiveCfg = Release|Any CPU
		{5E0D3233-EB96-4F05-A3E8-B9E066AD58A7}.Release|Any CPU.Build.0 = Release|Any CPU
	EndGlobalSection
	GlobalSection(SolutionProperties) = preSolution
		HideSolutionNode = FALSE
	EndGlobalSection
	GlobalSection(ExtensibilityGlobals) = postSolution
		SolutionGuid = {45970466-1608-4CF2-8550-14BA89ADF21D}
	EndGlobalSection
EndGlobal
